
Microsoft Visual Studio Solution File, Format Version 12.00
# Visual Studio Version 17
VisualStudioVersion = 17.14.36401.2 d17.14
MinimumVisualStudioVersion = 10.0.40219.1
Project("{FAE04EC0-301F-11D3-BF4B-00C04F79EFBC}") = "TestHelperPackage", "TestHelperPackage\TestHelperPackage.csproj", "{8392D9F8-949E-449C-B0AB-A30B602B4070}"
EndProject
Global
	GlobalSection(SolutionConfigurationPlatforms) = preSolution
		Debug|Any CPU = Debug|Any CPU
		Release|Any CPU = Release|Any CPU
	EndGlobalSection
	GlobalSection(ProjectConfigurationPlatforms) = postSolution
		{8392D9F8-949E-449C-B0AB-A30B602B4070}.Debug|Any CPU.ActiveCfg = Debug|Any CPU
		{8392D9F8-949E-449C-B0AB-A30B602B4070}.Debug|Any CPU.Build.0 = Debug|Any CPU
		{8392D9F8-949E-449C-B0AB-A30B602B4070}.Release|Any CPU.ActiveCfg = Release|Any CPU
		{8392D9F8-949E-449C-B0AB-A30B602B4070}.Release|Any CPU.Build.0 = Release|Any CPU
	EndGlobalSection
	GlobalSection(SolutionProperties) = preSolution
		HideSolutionNode = FALSE
	EndGlobalSection
	GlobalSection(ExtensibilityGlobals) = postSolution
		SolutionGuid = {F6494F1D-58C1-46F8-9C56-F8A8E4D15E1E}
	EndGlobalSection
EndGlobal
